
Microsoft Visual Studio Solution File, Format Version 12.00
# Visual Studio Version 17
VisualStudioVersion = 17.0.31903.59
MinimumVisualStudioVersion = 10.0.40219.1
Project("{FAE04EC0-301F-11D3-BF4B-00C04F79EFBC}") = "ChatApp", "ChatApp\ChatApp.csproj", "{C9695D70-9007-450E-8C17-3B770D665760}"
EndProject
Project("{FAE04EC0-301F-11D3-BF4B-00C04F79EFBC}") = "SeederApp", "SeederApp\SeederApp.csproj", "{2C1A6A12-52CB-434B-9C85-98A83AD58E5A}"
EndProject
Project("{FAE04EC0-301F-11D3-BF4B-00C04F79EFBC}") = "SharedRAG", "SharedRAG\SharedRAG.csproj", "{104D1B95-A58A-4491-BEA2-46A83C7BD9B2}"
EndProject
Global
	GlobalSection(SolutionConfigurationPlatforms) = preSolution
		Debug|Any CPU = Debug|Any CPU
		Debug|x64 = Debug|x64
		Debug|x86 = Debug|x86
		Release|Any CPU = Release|Any CPU
		Release|x64 = Release|x64
		Release|x86 = Release|x86
	EndGlobalSection
	GlobalSection(ProjectConfigurationPlatforms) = postSolution
		{C9695D70-9007-450E-8C17-3B770D665760}.Debug|Any CPU.ActiveCfg = Debug|Any CPU
		{C9695D70-9007-450E-8C17-3B770D665760}.Debug|Any CPU.Build.0 = Debug|Any CPU
		{C9695D70-9007-450E-8C17-3B770D665760}.Debug|x64.ActiveCfg = Debug|Any CPU
		{C9695D70-9007-450E-8C17-3B770D665760}.Debug|x64.Build.0 = Debug|Any CPU
		{C9695D70-9007-450E-8C17-3B770D665760}.Debug|x86.ActiveCfg = Debug|Any CPU
		{C9695D70-9007-450E-8C17-3B770D665760}.Debug|x86.Build.0 = Debug|Any CPU
		{C9695D70-9007-450E-8C17-3B770D665760}.Release|Any CPU.ActiveCfg = Release|Any CPU
		{C9695D70-9007-450E-8C17-3B770D665760}.Release|Any CPU.Build.0 = Release|Any CPU
		{C9695D70-9007-450E-8C17-3B770D665760}.Release|x64.ActiveCfg = Release|Any CPU
		{C9695D70-9007-450E-8C17-3B770D665760}.Release|x64.Build.0 = Release|Any CPU
		{C9695D70-9007-450E-8C17-3B770D665760}.Release|x86.ActiveCfg = Release|Any CPU
		{C9695D70-9007-450E-8C17-3B770D665760}.Release|x86.Build.0 = Release|Any CPU
		{2C1A6A12-52CB-434B-9C85-98A83AD58E5A}.Debug|Any CPU.ActiveCfg = Debug|Any CPU
		{2C1A6A12-52CB-434B-9C85-98A83AD58E5A}.Debug|Any CPU.Build.0 = Debug|Any CPU
		{2C1A6A12-52CB-434B-9C85-98A83AD58E5A}.Debug|x64.ActiveCfg = Debug|Any CPU
		{2C1A6A12-52CB-434B-9C85-98A83AD58E5A}.Debug|x64.Build.0 = Debug|Any CPU
		{2C1A6A12-52CB-434B-9C85-98A83AD58E5A}.Debug|x86.ActiveCfg = Debug|Any CPU
		{2C1A6A12-52CB-434B-9C85-98A83AD58E5A}.Debug|x86.Build.0 = Debug|Any CPU
		{2C1A6A12-52CB-434B-9C85-98A83AD58E5A}.Release|Any CPU.ActiveCfg = Release|Any CPU
		{2C1A6A12-52CB-434B-9C85-98A83AD58E5A}.Release|Any CPU.Build.0 = Release|Any CPU
		{2C1A6A12-52CB-434B-9C85-98A83AD58E5A}.Release|x64.ActiveCfg = Release|Any CPU
		{2C1A6A12-52CB-434B-9C85-98A83AD58E5A}.Release|x64.Build.0 = Release|Any CPU
		{2C1A6A12-52CB-434B-9C85-98A83AD58E5A}.Release|x86.ActiveCfg = Release|Any CPU
		{2C1A6A12-52CB-434B-9C85-98A83AD58E5A}.Release|x86.Build.0 = Release|Any CPU
		{104D1B95-A58A-4491-BEA2-46A83C7BD9B2}.Debug|Any CPU.ActiveCfg = Debug|Any CPU
		{104D1B95-A58A-4491-BEA2-46A83C7BD9B2}.Debug|Any CPU.Build.0 = Debug|Any CPU
		{104D1B95-A58A-4491-BEA2-46A83C7BD9B2}.Debug|x64.ActiveCfg = Debug|Any CPU
		{104D1B95-A58A-4491-BEA2-46A83C7BD9B2}.Debug|x64.Build.0 = Debug|Any CPU
		{104D1B95-A58A-4491-BEA2-46A83C7BD9B2}.Debug|x86.ActiveCfg = Debug|Any CPU
		{104D1B95-A58A-4491-BEA2-46A83C7BD9B2}.Debug|x86.Build.0 = Debug|Any CPU
		{104D1B95-A58A-4491-BEA2-46A83C7BD9B2}.Release|Any CPU.ActiveCfg = Release|Any CPU
		{104D1B95-A58A-4491-BEA2-46A83C7BD9B2}.Release|Any CPU.Build.0 = Release|Any CPU
		{104D1B95-A58A-4491-BEA2-46A83C7BD9B2}.Release|x64.ActiveCfg = Release|Any CPU
		{104D1B95-A58A-4491-BEA2-46A83C7BD9B2}.Release|x64.Build.0 = Release|Any CPU
		{104D1B95-A58A-4491-BEA2-46A83C7BD9B2}.Release|x86.ActiveCfg = Release|Any CPU
		{104D1B95-A58A-4491-BEA2-46A83C7BD9B2}.Release|x86.Build.0 = Release|Any CPU
	EndGlobalSection
	GlobalSection(SolutionProperties) = preSolution
		HideSolutionNode = FALSE
	EndGlobalSection
EndGlobal
