Microsoft Visual Studio Solution File, Format Version 12.00
# Visual Studio Version 17
VisualStudioVersion = 17.5.2.0
MinimumVisualStudioVersion = 10.0.40219.1
Project("{FAE04EC0-301F-11D3-BF4B-00C04F79EFBC}") = "ChatRAG", "ChatRAG.csproj", "{35830A87-9D0C-520F-3F7A-E24FCC3C69B4}"
EndProject
Global
	GlobalSection(SolutionConfigurationPlatforms) = preSolution
		Debug|Any CPU = Debug|Any CPU
		Release|Any CPU = Release|Any CPU
	EndGlobalSection
	GlobalSection(ProjectConfigurationPlatforms) = postSolution
		{35830A87-9D0C-520F-3F7A-E24FCC3C69B4}.Debug|Any CPU.ActiveCfg = Debug|Any CPU
		{35830A87-9D0C-520F-3F7A-E24FCC3C69B4}.Debug|Any CPU.Build.0 = Debug|Any CPU
		{35830A87-9D0C-520F-3F7A-E24FCC3C69B4}.Release|Any CPU.ActiveCfg = Release|Any CPU
		{35830A87-9D0C-520F-3F7A-E24FCC3C69B4}.Release|Any CPU.Build.0 = Release|Any CPU
	EndGlobalSection
	GlobalSection(SolutionProperties) = preSolution
		HideSolutionNode = FALSE
	EndGlobalSection
	GlobalSection(ExtensibilityGlobals) = postSolution
		SolutionGuid = {38D1E740-F04A-4A8B-A558-8A4A9B5BB47A}
	EndGlobalSection
EndGlobal
